// !$*UTF8*$!
{
	archiveVersion = 1;
	classes = {
	};
	objectVersion = 50;
	objects = {

/* Begin PBXBuildFile section */
		AC1F392323A8E39900D34F5A /* ColoursTap.app in Embed Watch Content */ = {isa = PBXBuildFile; fileRef = AC1F392223A8E39900D34F5A /* ColoursTap.app */; settings = {ATTRIBUTES = (RemoveHeadersOnCopy, ); }; };
		AC1F392923A8E39900D34F5A /* Interface.storyboard in Resources */ = {isa = PBXBuildFile; fileRef = AC1F392723A8E39900D34F5A /* Interface.storyboard */; };
		AC1F392B23A8E39E00D34F5A /* Assets.xcassets in Resources */ = {isa = PBXBuildFile; fileRef = AC1F392A23A8E39E00D34F5A /* Assets.xcassets */; };
		AC1F393223A8E39E00D34F5A /* ColourTap WatchKit Extension.appex in Embed App Extensions */ = {isa = PBXBuildFile; fileRef = AC1F393123A8E39E00D34F5A /* ColourTap WatchKit Extension.appex */; settings = {ATTRIBUTES = (RemoveHeadersOnCopy, ); }; };
		AC1F393723A8E39E00D34F5A /* HomeInterfaceController.swift in Sources */ = {isa = PBXBuildFile; fileRef = AC1F393623A8E39E00D34F5A /* HomeInterfaceController.swift */; };
		AC1F393923A8E39E00D34F5A /* ExtensionDelegate.swift in Sources */ = {isa = PBXBuildFile; fileRef = AC1F393823A8E39E00D34F5A /* ExtensionDelegate.swift */; };
		AC1F393B23A8E39E00D34F5A /* NotificationController.swift in Sources */ = {isa = PBXBuildFile; fileRef = AC1F393A23A8E39E00D34F5A /* NotificationController.swift */; };
		AC1F393D23A8E39F00D34F5A /* Assets.xcassets in Resources */ = {isa = PBXBuildFile; fileRef = AC1F393C23A8E39F00D34F5A /* Assets.xcassets */; };
		AC1F395123A9148500D34F5A /* GameInterfaceController.swift in Sources */ = {isa = PBXBuildFile; fileRef = AC1F395023A9148500D34F5A /* GameInterfaceController.swift */; };
		AC1F395423A9258F00D34F5A /* Colour.swift in Sources */ = {isa = PBXBuildFile; fileRef = AC1F395323A9258F00D34F5A /* Colour.swift */; };
		AC41FB2423A9370B00E30D88 /* TimeUpInterfaceController.swift in Sources */ = {isa = PBXBuildFile; fileRef = AC41FB2323A9370B00E30D88 /* TimeUpInterfaceController.swift */; };
		AC41FB2623A9373500E30D88 /* WrongAnswerInterfaceController.swift in Sources */ = {isa = PBXBuildFile; fileRef = AC41FB2523A9373500E30D88 /* WrongAnswerInterfaceController.swift */; };
		AC41FB2823A9374600E30D88 /* NewHighScoreInterfaceController.swift in Sources */ = {isa = PBXBuildFile; fileRef = AC41FB2723A9374600E30D88 /* NewHighScoreInterfaceController.swift */; };
		AC41FB2A23A9375600E30D88 /* HighScoreInterfaceController.swift in Sources */ = {isa = PBXBuildFile; fileRef = AC41FB2923A9375600E30D88 /* HighScoreInterfaceController.swift */; };
		AC65574A2445E56900D605B7 /* FredokaOne-Regular.ttf in Resources */ = {isa = PBXBuildFile; fileRef = AC6557492445E56900D605B7 /* FredokaOne-Regular.ttf */; };
		AC65574B2445E56900D605B7 /* FredokaOne-Regular.ttf in Resources */ = {isa = PBXBuildFile; fileRef = AC6557492445E56900D605B7 /* FredokaOne-Regular.ttf */; };
		AC65574C2445E56900D605B7 /* FredokaOne-Regular.ttf in Resources */ = {isa = PBXBuildFile; fileRef = AC6557492445E56900D605B7 /* FredokaOne-Regular.ttf */; };
		ACB8BF6A23ACDEAA00B9867B /* GameManager.swift in Sources */ = {isa = PBXBuildFile; fileRef = ACB8BF6923ACDEAA00B9867B /* GameManager.swift */; };
/* End PBXBuildFile section */

/* Begin PBXContainerItemProxy section */
		AC1F392423A8E39900D34F5A /* PBXContainerItemProxy */ = {
			isa = PBXContainerItemProxy;
			containerPortal = AC1F391823A8E39900D34F5A /* Project object */;
			proxyType = 1;
			remoteGlobalIDString = AC1F392123A8E39900D34F5A;
			remoteInfo = "ColourTap WatchKit App";
		};
		AC1F393323A8E39E00D34F5A /* PBXContainerItemProxy */ = {
			isa = PBXContainerItemProxy;
			containerPortal = AC1F391823A8E39900D34F5A /* Project object */;
			proxyType = 1;
			remoteGlobalIDString = AC1F393023A8E39E00D34F5A;
			remoteInfo = "ColourTap WatchKit Extension";
		};
/* End PBXContainerItemProxy section */

/* Begin PBXCopyFilesBuildPhase section */
		AC1F394523A8E39F00D34F5A /* Embed App Extensions */ = {
			isa = PBXCopyFilesBuildPhase;
			buildActionMask = 2147483647;
			dstPath = "";
			dstSubfolderSpec = 13;
			files = (
				AC1F393223A8E39E00D34F5A /* ColourTap WatchKit Extension.appex in Embed App Extensions */,
			);
			name = "Embed App Extensions";
			runOnlyForDeploymentPostprocessing = 0;
		};
		AC1F394923A8E39F00D34F5A /* Embed Watch Content */ = {
			isa = PBXCopyFilesBuildPhase;
			buildActionMask = 2147483647;
			dstPath = "$(CONTENTS_FOLDER_PATH)/Watch";
			dstSubfolderSpec = 16;
			files = (
				AC1F392323A8E39900D34F5A /* ColoursTap.app in Embed Watch Content */,
			);
			name = "Embed Watch Content";
			runOnlyForDeploymentPostprocessing = 0;
		};
/* End PBXCopyFilesBuildPhase section */

/* Begin PBXFileReference section */
		AC1F391E23A8E39900D34F5A /* ColoursTap.app */ = {isa = PBXFileReference; explicitFileType = wrapper.application; includeInIndex = 0; path = ColoursTap.app; sourceTree = BUILT_PRODUCTS_DIR; };
		AC1F392223A8E39900D34F5A /* ColoursTap.app */ = {isa = PBXFileReference; explicitFileType = wrapper.application; includeInIndex = 0; path = ColoursTap.app; sourceTree = BUILT_PRODUCTS_DIR; };
		AC1F392823A8E39900D34F5A /* Base */ = {isa = PBXFileReference; lastKnownFileType = file.storyboard; name = Base; path = Base.lproj/Interface.storyboard; sourceTree = "<group>"; };
		AC1F392A23A8E39E00D34F5A /* Assets.xcassets */ = {isa = PBXFileReference; lastKnownFileType = folder.assetcatalog; path = Assets.xcassets; sourceTree = "<group>"; };
		AC1F392C23A8E39E00D34F5A /* Info.plist */ = {isa = PBXFileReference; lastKnownFileType = text.plist.xml; path = Info.plist; sourceTree = "<group>"; };
		AC1F393123A8E39E00D34F5A /* ColourTap WatchKit Extension.appex */ = {isa = PBXFileReference; explicitFileType = "wrapper.app-extension"; includeInIndex = 0; path = "ColourTap WatchKit Extension.appex"; sourceTree = BUILT_PRODUCTS_DIR; };
		AC1F393623A8E39E00D34F5A /* HomeInterfaceController.swift */ = {isa = PBXFileReference; lastKnownFileType = sourcecode.swift; path = HomeInterfaceController.swift; sourceTree = "<group>"; };
		AC1F393823A8E39E00D34F5A /* ExtensionDelegate.swift */ = {isa = PBXFileReference; lastKnownFileType = sourcecode.swift; path = ExtensionDelegate.swift; sourceTree = "<group>"; };
		AC1F393A23A8E39E00D34F5A /* NotificationController.swift */ = {isa = PBXFileReference; lastKnownFileType = sourcecode.swift; path = NotificationController.swift; sourceTree = "<group>"; };
		AC1F393C23A8E39F00D34F5A /* Assets.xcassets */ = {isa = PBXFileReference; lastKnownFileType = folder.assetcatalog; path = Assets.xcassets; sourceTree = "<group>"; };
		AC1F393E23A8E39F00D34F5A /* Info.plist */ = {isa = PBXFileReference; lastKnownFileType = text.plist.xml; path = Info.plist; sourceTree = "<group>"; };
		AC1F393F23A8E39F00D34F5A /* PushNotificationPayload.apns */ = {isa = PBXFileReference; lastKnownFileType = text; path = PushNotificationPayload.apns; sourceTree = "<group>"; };
		AC1F395023A9148500D34F5A /* GameInterfaceController.swift */ = {isa = PBXFileReference; lastKnownFileType = sourcecode.swift; path = GameInterfaceController.swift; sourceTree = "<group>"; };
		AC1F395323A9258F00D34F5A /* Colour.swift */ = {isa = PBXFileReference; lastKnownFileType = sourcecode.swift; path = Colour.swift; sourceTree = "<group>"; };
		AC41FB2323A9370B00E30D88 /* TimeUpInterfaceController.swift */ = {isa = PBXFileReference; lastKnownFileType = sourcecode.swift; path = TimeUpInterfaceController.swift; sourceTree = "<group>"; };
		AC41FB2523A9373500E30D88 /* WrongAnswerInterfaceController.swift */ = {isa = PBXFileReference; lastKnownFileType = sourcecode.swift; path = WrongAnswerInterfaceController.swift; sourceTree = "<group>"; };
		AC41FB2723A9374600E30D88 /* NewHighScoreInterfaceController.swift */ = {isa = PBXFileReference; lastKnownFileType = sourcecode.swift; path = NewHighScoreInterfaceController.swift; sourceTree = "<group>"; };
		AC41FB2923A9375600E30D88 /* HighScoreInterfaceController.swift */ = {isa = PBXFileReference; lastKnownFileType = sourcecode.swift; path = HighScoreInterfaceController.swift; sourceTree = "<group>"; };
		AC6557492445E56900D605B7 /* FredokaOne-Regular.ttf */ = {isa = PBXFileReference; lastKnownFileType = file; path = "FredokaOne-Regular.ttf"; sourceTree = "<group>"; };
		ACB8BF6923ACDEAA00B9867B /* GameManager.swift */ = {isa = PBXFileReference; lastKnownFileType = sourcecode.swift; path = GameManager.swift; sourceTree = "<group>"; };
/* End PBXFileReference section */

/* Begin PBXFrameworksBuildPhase section */
		AC1F392E23A8E39E00D34F5A /* Frameworks */ = {
			isa = PBXFrameworksBuildPhase;
			buildActionMask = 2147483647;
			files = (
			);
			runOnlyForDeploymentPostprocessing = 0;
		};
/* End PBXFrameworksBuildPhase section */

/* Begin PBXGroup section */
		AC1F391723A8E39900D34F5A = {
			isa = PBXGroup;
			children = (
				AC1F392623A8E39900D34F5A /* ColourTap WatchKit App */,
				AC1F393523A8E39E00D34F5A /* ColourTap WatchKit Extension */,
				AC1F391F23A8E39900D34F5A /* Products */,
			);
			sourceTree = "<group>";
		};
		AC1F391F23A8E39900D34F5A /* Products */ = {
			isa = PBXGroup;
			children = (
				AC1F391E23A8E39900D34F5A /* ColoursTap.app */,
				AC1F392223A8E39900D34F5A /* ColoursTap.app */,
				AC1F393123A8E39E00D34F5A /* ColourTap WatchKit Extension.appex */,
			);
			name = Products;
			sourceTree = "<group>";
		};
		AC1F392623A8E39900D34F5A /* ColourTap WatchKit App */ = {
			isa = PBXGroup;
			children = (
				AC6557492445E56900D605B7 /* FredokaOne-Regular.ttf */,
				AC1F392723A8E39900D34F5A /* Interface.storyboard */,
				AC1F392A23A8E39E00D34F5A /* Assets.xcassets */,
				AC1F392C23A8E39E00D34F5A /* Info.plist */,
			);
			path = "ColourTap WatchKit App";
			sourceTree = "<group>";
		};
		AC1F393523A8E39E00D34F5A /* ColourTap WatchKit Extension */ = {
			isa = PBXGroup;
			children = (
				ACB8BF6823ACDE9500B9867B /* Manager */,
				AC1F395223A9256D00D34F5A /* Model */,
				AC1F394F23A90C3700D34F5A /* Controllers */,
				AC1F393823A8E39E00D34F5A /* ExtensionDelegate.swift */,
				AC1F393C23A8E39F00D34F5A /* Assets.xcassets */,
				AC1F393E23A8E39F00D34F5A /* Info.plist */,
				AC1F393F23A8E39F00D34F5A /* PushNotificationPayload.apns */,
			);
			path = "ColourTap WatchKit Extension";
			sourceTree = "<group>";
		};
		AC1F394F23A90C3700D34F5A /* Controllers */ = {
			isa = PBXGroup;
			children = (
				AC1F393623A8E39E00D34F5A /* HomeInterfaceController.swift */,
				AC1F393A23A8E39E00D34F5A /* NotificationController.swift */,
				AC1F395023A9148500D34F5A /* GameInterfaceController.swift */,
				AC41FB2323A9370B00E30D88 /* TimeUpInterfaceController.swift */,
				AC41FB2923A9375600E30D88 /* HighScoreInterfaceController.swift */,
				AC41FB2523A9373500E30D88 /* WrongAnswerInterfaceController.swift */,
				AC41FB2723A9374600E30D88 /* NewHighScoreInterfaceController.swift */,
			);
			path = Controllers;
			sourceTree = "<group>";
		};
		AC1F395223A9256D00D34F5A /* Model */ = {
			isa = PBXGroup;
			children = (
				AC1F395323A9258F00D34F5A /* Colour.swift */,
			);
			path = Model;
			sourceTree = "<group>";
		};
		ACB8BF6823ACDE9500B9867B /* Manager */ = {
			isa = PBXGroup;
			children = (
				ACB8BF6923ACDEAA00B9867B /* GameManager.swift */,
			);
			path = Manager;
			sourceTree = "<group>";
		};
/* End PBXGroup section */

/* Begin PBXNativeTarget section */
		AC1F391D23A8E39900D34F5A /* ColourTap */ = {
			isa = PBXNativeTarget;
			buildConfigurationList = AC1F394A23A8E39F00D34F5A /* Build configuration list for PBXNativeTarget "ColourTap" */;
			buildPhases = (
				AC1F391C23A8E39900D34F5A /* Resources */,
				AC1F394923A8E39F00D34F5A /* Embed Watch Content */,
			);
			buildRules = (
			);
			dependencies = (
				AC1F392523A8E39900D34F5A /* PBXTargetDependency */,
			);
			name = ColourTap;
			productName = ColourTap;
			productReference = AC1F391E23A8E39900D34F5A /* ColoursTap.app */;
			productType = "com.apple.product-type.application.watchapp2-container";
		};
		AC1F392123A8E39900D34F5A /* ColourTap WatchKit App */ = {
			isa = PBXNativeTarget;
			buildConfigurationList = AC1F394623A8E39F00D34F5A /* Build configuration list for PBXNativeTarget "ColourTap WatchKit App" */;
			buildPhases = (
				AC1F392023A8E39900D34F5A /* Resources */,
				AC1F394523A8E39F00D34F5A /* Embed App Extensions */,
			);
			buildRules = (
			);
			dependencies = (
				AC1F393423A8E39E00D34F5A /* PBXTargetDependency */,
			);
			name = "ColourTap WatchKit App";
			productName = "ColourTap WatchKit App";
			productReference = AC1F392223A8E39900D34F5A /* ColoursTap.app */;
			productType = "com.apple.product-type.application.watchapp2";
		};
		AC1F393023A8E39E00D34F5A /* ColourTap WatchKit Extension */ = {
			isa = PBXNativeTarget;
			buildConfigurationList = AC1F394223A8E39F00D34F5A /* Build configuration list for PBXNativeTarget "ColourTap WatchKit Extension" */;
			buildPhases = (
				AC1F392D23A8E39E00D34F5A /* Sources */,
				AC1F392E23A8E39E00D34F5A /* Frameworks */,
				AC1F392F23A8E39E00D34F5A /* Resources */,
				AC539F0B23F5A16800DF6438 /* Run SwiftLint Script */,
			);
			buildRules = (
			);
			dependencies = (
			);
			name = "ColourTap WatchKit Extension";
			productName = "ColourTap WatchKit Extension";
			productReference = AC1F393123A8E39E00D34F5A /* ColourTap WatchKit Extension.appex */;
			productType = "com.apple.product-type.watchkit2-extension";
		};
/* End PBXNativeTarget section */

/* Begin PBXProject section */
		AC1F391823A8E39900D34F5A /* Project object */ = {
			isa = PBXProject;
			attributes = {
				LastSwiftUpdateCheck = 1130;
				LastUpgradeCheck = 1130;
				ORGANIZATIONNAME = "JOSEPH AKINDE-PETERS";
				TargetAttributes = {
					AC1F391D23A8E39900D34F5A = {
						CreatedOnToolsVersion = 11.3;
					};
					AC1F392123A8E39900D34F5A = {
						CreatedOnToolsVersion = 11.3;
					};
					AC1F393023A8E39E00D34F5A = {
						CreatedOnToolsVersion = 11.3;
					};
				};
			};
			buildConfigurationList = AC1F391B23A8E39900D34F5A /* Build configuration list for PBXProject "ColourTap" */;
			compatibilityVersion = "Xcode 9.3";
			developmentRegion = en;
			hasScannedForEncodings = 0;
			knownRegions = (
				en,
				Base,
			);
			mainGroup = AC1F391723A8E39900D34F5A;
			productRefGroup = AC1F391F23A8E39900D34F5A /* Products */;
			projectDirPath = "";
			projectRoot = "";
			targets = (
				AC1F391D23A8E39900D34F5A /* ColourTap */,
				AC1F392123A8E39900D34F5A /* ColourTap WatchKit App */,
				AC1F393023A8E39E00D34F5A /* ColourTap WatchKit Extension */,
			);
		};
/* End PBXProject section */

/* Begin PBXResourcesBuildPhase section */
		AC1F391C23A8E39900D34F5A /* Resources */ = {
			isa = PBXResourcesBuildPhase;
			buildActionMask = 2147483647;
			files = (
				AC65574A2445E56900D605B7 /* FredokaOne-Regular.ttf in Resources */,
			);
			runOnlyForDeploymentPostprocessing = 0;
		};
		AC1F392023A8E39900D34F5A /* Resources */ = {
			isa = PBXResourcesBuildPhase;
			buildActionMask = 2147483647;
			files = (
				AC1F392B23A8E39E00D34F5A /* Assets.xcassets in Resources */,
				AC1F392923A8E39900D34F5A /* Interface.storyboard in Resources */,
				AC65574B2445E56900D605B7 /* FredokaOne-Regular.ttf in Resources */,
			);
			runOnlyForDeploymentPostprocessing = 0;
		};
		AC1F392F23A8E39E00D34F5A /* Resources */ = {
			isa = PBXResourcesBuildPhase;
			buildActionMask = 2147483647;
			files = (
				AC1F393D23A8E39F00D34F5A /* Assets.xcassets in Resources */,
				AC65574C2445E56900D605B7 /* FredokaOne-Regular.ttf in Resources */,
			);
			runOnlyForDeploymentPostprocessing = 0;
		};
/* End PBXResourcesBuildPhase section */

/* Begin PBXShellScriptBuildPhase section */
		AC539F0B23F5A16800DF6438 /* Run SwiftLint Script */ = {
			isa = PBXShellScriptBuildPhase;
			buildActionMask = 2147483647;
			files = (
			);
			inputFileListPaths = (
			);
			inputPaths = (
			);
			name = "Run SwiftLint Script";
			outputFileListPaths = (
			);
			outputPaths = (
			);
			runOnlyForDeploymentPostprocessing = 0;
			shellPath = /bin/sh;
			shellScript = "# Type a script or drag a script file from your workspace to insert its path.\n if which swiftlint >/dev/null; then\n   swiftlint\n else\n   echo \"warning: SwiftLint not installed, download from https://github.com/realm/SwiftLint\"\n fi\n";
		};
/* End PBXShellScriptBuildPhase section */

/* Begin PBXSourcesBuildPhase section */
		AC1F392D23A8E39E00D34F5A /* Sources */ = {
			isa = PBXSourcesBuildPhase;
			buildActionMask = 2147483647;
			files = (
				AC1F395423A9258F00D34F5A /* Colour.swift in Sources */,
				AC1F393B23A8E39E00D34F5A /* NotificationController.swift in Sources */,
				AC1F393923A8E39E00D34F5A /* ExtensionDelegate.swift in Sources */,
				AC41FB2823A9374600E30D88 /* NewHighScoreInterfaceController.swift in Sources */,
				AC1F393723A8E39E00D34F5A /* HomeInterfaceController.swift in Sources */,
				AC41FB2623A9373500E30D88 /* WrongAnswerInterfaceController.swift in Sources */,
				AC1F395123A9148500D34F5A /* GameInterfaceController.swift in Sources */,
				AC41FB2423A9370B00E30D88 /* TimeUpInterfaceController.swift in Sources */,
				AC41FB2A23A9375600E30D88 /* HighScoreInterfaceController.swift in Sources */,
				ACB8BF6A23ACDEAA00B9867B /* GameManager.swift in Sources */,
			);
			runOnlyForDeploymentPostprocessing = 0;
		};
/* End PBXSourcesBuildPhase section */

/* Begin PBXTargetDependency section */
		AC1F392523A8E39900D34F5A /* PBXTargetDependency */ = {
			isa = PBXTargetDependency;
			target = AC1F392123A8E39900D34F5A /* ColourTap WatchKit App */;
			targetProxy = AC1F392423A8E39900D34F5A /* PBXContainerItemProxy */;
		};
		AC1F393423A8E39E00D34F5A /* PBXTargetDependency */ = {
			isa = PBXTargetDependency;
			target = AC1F393023A8E39E00D34F5A /* ColourTap WatchKit Extension */;
			targetProxy = AC1F393323A8E39E00D34F5A /* PBXContainerItemProxy */;
		};
/* End PBXTargetDependency section */

/* Begin PBXVariantGroup section */
		AC1F392723A8E39900D34F5A /* Interface.storyboard */ = {
			isa = PBXVariantGroup;
			children = (
				AC1F392823A8E39900D34F5A /* Base */,
			);
			name = Interface.storyboard;
			sourceTree = "<group>";
		};
/* End PBXVariantGroup section */

/* Begin XCBuildConfiguration section */
		AC1F394023A8E39F00D34F5A /* Debug */ = {
			isa = XCBuildConfiguration;
			buildSettings = {
				ALWAYS_SEARCH_USER_PATHS = NO;
				CLANG_ANALYZER_NONNULL = YES;
				CLANG_ANALYZER_NUMBER_OBJECT_CONVERSION = YES_AGGRESSIVE;
				CLANG_CXX_LANGUAGE_STANDARD = "gnu++14";
				CLANG_CXX_LIBRARY = "libc++";
				CLANG_ENABLE_MODULES = YES;
				CLANG_ENABLE_OBJC_ARC = YES;
				CLANG_ENABLE_OBJC_WEAK = YES;
				CLANG_WARN_BLOCK_CAPTURE_AUTORELEASING = YES;
				CLANG_WARN_BOOL_CONVERSION = YES;
				CLANG_WARN_COMMA = YES;
				CLANG_WARN_CONSTANT_CONVERSION = YES;
				CLANG_WARN_DEPRECATED_OBJC_IMPLEMENTATIONS = YES;
				CLANG_WARN_DIRECT_OBJC_ISA_USAGE = YES_ERROR;
				CLANG_WARN_DOCUMENTATION_COMMENTS = YES;
				CLANG_WARN_EMPTY_BODY = YES;
				CLANG_WARN_ENUM_CONVERSION = YES;
				CLANG_WARN_INFINITE_RECURSION = YES;
				CLANG_WARN_INT_CONVERSION = YES;
				CLANG_WARN_NON_LITERAL_NULL_CONVERSION = YES;
				CLANG_WARN_OBJC_IMPLICIT_RETAIN_SELF = YES;
				CLANG_WARN_OBJC_LITERAL_CONVERSION = YES;
				CLANG_WARN_OBJC_ROOT_CLASS = YES_ERROR;
				CLANG_WARN_RANGE_LOOP_ANALYSIS = YES;
				CLANG_WARN_STRICT_PROTOTYPES = YES;
				CLANG_WARN_SUSPICIOUS_MOVE = YES;
				CLANG_WARN_UNGUARDED_AVAILABILITY = YES_AGGRESSIVE;
				CLANG_WARN_UNREACHABLE_CODE = YES;
				CLANG_WARN__DUPLICATE_METHOD_MATCH = YES;
				COPY_PHASE_STRIP = NO;
				DEBUG_INFORMATION_FORMAT = dwarf;
				ENABLE_STRICT_OBJC_MSGSEND = YES;
				ENABLE_TESTABILITY = YES;
				GCC_C_LANGUAGE_STANDARD = gnu11;
				GCC_DYNAMIC_NO_PIC = NO;
				GCC_NO_COMMON_BLOCKS = YES;
				GCC_OPTIMIZATION_LEVEL = 0;
				GCC_PREPROCESSOR_DEFINITIONS = (
					"DEBUG=1",
					"$(inherited)",
				);
				GCC_WARN_64_TO_32_BIT_CONVERSION = YES;
				GCC_WARN_ABOUT_RETURN_TYPE = YES_ERROR;
				GCC_WARN_UNDECLARED_SELECTOR = YES;
				GCC_WARN_UNINITIALIZED_AUTOS = YES_AGGRESSIVE;
				GCC_WARN_UNUSED_FUNCTION = YES;
				GCC_WARN_UNUSED_VARIABLE = YES;
				MTL_ENABLE_DEBUG_INFO = INCLUDE_SOURCE;
				MTL_FAST_MATH = YES;
				ONLY_ACTIVE_ARCH = YES;
				SDKROOT = iphoneos;
				SWIFT_ACTIVE_COMPILATION_CONDITIONS = DEBUG;
				SWIFT_OPTIMIZATION_LEVEL = "-Onone";
			};
			name = Debug;
		};
		AC1F394123A8E39F00D34F5A /* Release */ = {
			isa = XCBuildConfiguration;
			buildSettings = {
				ALWAYS_SEARCH_USER_PATHS = NO;
				CLANG_ANALYZER_NONNULL = YES;
				CLANG_ANALYZER_NUMBER_OBJECT_CONVERSION = YES_AGGRESSIVE;
				CLANG_CXX_LANGUAGE_STANDARD = "gnu++14";
				CLANG_CXX_LIBRARY = "libc++";
				CLANG_ENABLE_MODULES = YES;
				CLANG_ENABLE_OBJC_ARC = YES;
				CLANG_ENABLE_OBJC_WEAK = YES;
				CLANG_WARN_BLOCK_CAPTURE_AUTORELEASING = YES;
				CLANG_WARN_BOOL_CONVERSION = YES;
				CLANG_WARN_COMMA = YES;
				CLANG_WARN_CONSTANT_CONVERSION = YES;
				CLANG_WARN_DEPRECATED_OBJC_IMPLEMENTATIONS = YES;
				CLANG_WARN_DIRECT_OBJC_ISA_USAGE = YES_ERROR;
				CLANG_WARN_DOCUMENTATION_COMMENTS = YES;
				CLANG_WARN_EMPTY_BODY = YES;
				CLANG_WARN_ENUM_CONVERSION = YES;
				CLANG_WARN_INFINITE_RECURSION = YES;
				CLANG_WARN_INT_CONVERSION = YES;
				CLANG_WARN_NON_LITERAL_NULL_CONVERSION = YES;
				CLANG_WARN_OBJC_IMPLICIT_RETAIN_SELF = YES;
				CLANG_WARN_OBJC_LITERAL_CONVERSION = YES;
				CLANG_WARN_OBJC_ROOT_CLASS = YES_ERROR;
				CLANG_WARN_RANGE_LOOP_ANALYSIS = YES;
				CLANG_WARN_STRICT_PROTOTYPES = YES;
				CLANG_WARN_SUSPICIOUS_MOVE = YES;
				CLANG_WARN_UNGUARDED_AVAILABILITY = YES_AGGRESSIVE;
				CLANG_WARN_UNREACHABLE_CODE = YES;
				CLANG_WARN__DUPLICATE_METHOD_MATCH = YES;
				COPY_PHASE_STRIP = NO;
				DEBUG_INFORMATION_FORMAT = "dwarf-with-dsym";
				ENABLE_NS_ASSERTIONS = NO;
				ENABLE_STRICT_OBJC_MSGSEND = YES;
				GCC_C_LANGUAGE_STANDARD = gnu11;
				GCC_NO_COMMON_BLOCKS = YES;
				GCC_WARN_64_TO_32_BIT_CONVERSION = YES;
				GCC_WARN_ABOUT_RETURN_TYPE = YES_ERROR;
				GCC_WARN_UNDECLARED_SELECTOR = YES;
				GCC_WARN_UNINITIALIZED_AUTOS = YES_AGGRESSIVE;
				GCC_WARN_UNUSED_FUNCTION = YES;
				GCC_WARN_UNUSED_VARIABLE = YES;
				MTL_ENABLE_DEBUG_INFO = NO;
				MTL_FAST_MATH = YES;
				SDKROOT = iphoneos;
				SWIFT_COMPILATION_MODE = wholemodule;
				SWIFT_OPTIMIZATION_LEVEL = "-O";
				VALIDATE_PRODUCT = YES;
			};
			name = Release;
		};
		AC1F394323A8E39F00D34F5A /* Debug */ = {
			isa = XCBuildConfiguration;
			buildSettings = {
				ASSETCATALOG_COMPILER_COMPLICATION_NAME = Complication;
				CODE_SIGN_STYLE = Automatic;
				CURRENT_PROJECT_VERSION = 1;
				DEVELOPMENT_TEAM = UYMTCS89FV;
				INFOPLIST_FILE = "ColourTap WatchKit Extension/Info.plist";
				LD_RUNPATH_SEARCH_PATHS = (
					"$(inherited)",
					"@executable_path/Frameworks",
					"@executable_path/../../Frameworks",
				);
				MARKETING_VERSION = 1.0.2;
				PRODUCT_BUNDLE_IDENTIFIER = dev.apjoex.ColourTap.watchkitapp.watchkitextension;
				PRODUCT_NAME = "${TARGET_NAME}";
				SDKROOT = watchos;
				SKIP_INSTALL = YES;
				SWIFT_VERSION = 5.0;
				TARGETED_DEVICE_FAMILY = 4;
				WATCHOS_DEPLOYMENT_TARGET = 6.1;
			};
			name = Debug;
		};
		AC1F394423A8E39F00D34F5A /* Release */ = {
			isa = XCBuildConfiguration;
			buildSettings = {
				ASSETCATALOG_COMPILER_COMPLICATION_NAME = Complication;
				CODE_SIGN_STYLE = Automatic;
				CURRENT_PROJECT_VERSION = 1;
				DEVELOPMENT_TEAM = UYMTCS89FV;
				INFOPLIST_FILE = "ColourTap WatchKit Extension/Info.plist";
				LD_RUNPATH_SEARCH_PATHS = (
					"$(inherited)",
					"@executable_path/Frameworks",
					"@executable_path/../../Frameworks",
				);
				MARKETING_VERSION = 1.0.2;
				PRODUCT_BUNDLE_IDENTIFIER = dev.apjoex.ColourTap.watchkitapp.watchkitextension;
				PRODUCT_NAME = "${TARGET_NAME}";
				SDKROOT = watchos;
				SKIP_INSTALL = YES;
				SWIFT_VERSION = 5.0;
				TARGETED_DEVICE_FAMILY = 4;
				WATCHOS_DEPLOYMENT_TARGET = 6.1;
			};
			name = Release;
		};
		AC1F394723A8E39F00D34F5A /* Debug */ = {
			isa = XCBuildConfiguration;
			buildSettings = {
				ALWAYS_EMBED_SWIFT_STANDARD_LIBRARIES = YES;
				ASSETCATALOG_COMPILER_APPICON_NAME = AppIcon;
				CODE_SIGN_STYLE = Automatic;
				CURRENT_PROJECT_VERSION = 1;
				DEVELOPMENT_TEAM = UYMTCS89FV;
				IBSC_MODULE = ColourTap_WatchKit_Extension;
				INFOPLIST_FILE = "ColourTap WatchKit App/Info.plist";
				MARKETING_VERSION = 1.0.2;
				PRODUCT_BUNDLE_IDENTIFIER = dev.apjoex.ColourTap.watchkitapp;
				PRODUCT_NAME = ColoursTap;
				SDKROOT = watchos;
				SKIP_INSTALL = YES;
				SWIFT_VERSION = 5.0;
				TARGETED_DEVICE_FAMILY = 4;
				WATCHOS_DEPLOYMENT_TARGET = 6.1;
			};
			name = Debug;
		};
		AC1F394823A8E39F00D34F5A /* Release */ = {
			isa = XCBuildConfiguration;
			buildSettings = {
				ALWAYS_EMBED_SWIFT_STANDARD_LIBRARIES = YES;
				ASSETCATALOG_COMPILER_APPICON_NAME = AppIcon;
				CODE_SIGN_STYLE = Automatic;
				CURRENT_PROJECT_VERSION = 1;
				DEVELOPMENT_TEAM = UYMTCS89FV;
				IBSC_MODULE = ColourTap_WatchKit_Extension;
				INFOPLIST_FILE = "ColourTap WatchKit App/Info.plist";
				MARKETING_VERSION = 1.0.2;
				PRODUCT_BUNDLE_IDENTIFIER = dev.apjoex.ColourTap.watchkitapp;
				PRODUCT_NAME = ColoursTap;
				SDKROOT = watchos;
				SKIP_INSTALL = YES;
				SWIFT_VERSION = 5.0;
				TARGETED_DEVICE_FAMILY = 4;
				WATCHOS_DEPLOYMENT_TARGET = 6.1;
			};
			name = Release;
		};
		AC1F394B23A8E39F00D34F5A /* Debug */ = {
			isa = XCBuildConfiguration;
			buildSettings = {
				CODE_SIGN_STYLE = Automatic;
				CURRENT_PROJECT_VERSION = 1;
				DEVELOPMENT_TEAM = UYMTCS89FV;
				MARKETING_VERSION = 1.0.2;
				PRODUCT_BUNDLE_IDENTIFIER = dev.apjoex.ColourTap;
				PRODUCT_NAME = ColoursTap;
				SWIFT_VERSION = 5.0;
			};
			name = Debug;
		};
		AC1F394C23A8E39F00D34F5A /* Release */ = {
			isa = XCBuildConfiguration;
			buildSettings = {
				CODE_SIGN_STYLE = Automatic;
				CURRENT_PROJECT_VERSION = 1;
				DEVELOPMENT_TEAM = UYMTCS89FV;
				MARKETING_VERSION = 1.0.2;
				PRODUCT_BUNDLE_IDENTIFIER = dev.apjoex.ColourTap;
				PRODUCT_NAME = ColoursTap;
				SWIFT_VERSION = 5.0;
			};
			name = Release;
		};
/* End XCBuildConfiguration section */

/* Begin XCConfigurationList section */
		AC1F391B23A8E39900D34F5A /* Build configuration list for PBXProject "ColourTap" */ = {
			isa = XCConfigurationList;
			buildConfigurations = (
				AC1F394023A8E39F00D34F5A /* Debug */,
				AC1F394123A8E39F00D34F5A /* Release */,
			);
			defaultConfigurationIsVisible = 0;
			defaultConfigurationName = Release;
		};
		AC1F394223A8E39F00D34F5A /* Build configuration list for PBXNativeTarget "ColourTap WatchKit Extension" */ = {
			isa = XCConfigurationList;
			buildConfigurations = (
				AC1F394323A8E39F00D34F5A /* Debug */,
				AC1F394423A8E39F00D34F5A /* Release */,
			);
			defaultConfigurationIsVisible = 0;
			defaultConfigurationName = Release;
		};
		AC1F394623A8E39F00D34F5A /* Build configuration list for PBXNativeTarget "ColourTap WatchKit App" */ = {
			isa = XCConfigurationList;
			buildConfigurations = (
				AC1F394723A8E39F00D34F5A /* Debug */,
				AC1F394823A8E39F00D34F5A /* Release */,
			);
			defaultConfigurationIsVisible = 0;
			defaultConfigurationName = Release;
		};
		AC1F394A23A8E39F00D34F5A /* Build configuration list for PBXNativeTarget "ColourTap" */ = {
			isa = XCConfigurationList;
			buildConfigurations = (
				AC1F394B23A8E39F00D34F5A /* Debug */,
				AC1F394C23A8E39F00D34F5A /* Release */,
			);
			defaultConfigurationIsVisible = 0;
			defaultConfigurationName = Release;
		};
/* End XCConfigurationList section */
	};
	rootObject = AC1F391823A8E39900D34F5A /* Project object */;
}
